
Microsoft Visual Studio Solution File, Format Version 12.00
# Visual Studio 15
VisualStudioVersion = 15.0.27130.2026
MinimumVisualStudioVersion = 10.0.40219.1
Project("{FAE04EC0-301F-11D3-BF4B-00C04F79EFBC}") = "ControllerAndUI", "ControllerAndUI\ControllerAndUI.csproj", "{968D7E3C-7417-435F-B695-9D0DB1A7F34F}"
EndProject
Global
	GlobalSection(SolutionConfigurationPlatforms) = preSolution
		Debug|Any CPU = Debug|Any CPU
		Release|Any CPU = Release|Any CPU
	EndGlobalSection
	GlobalSection(ProjectConfigurationPlatforms) = postSolution
		{968D7E3C-7417-435F-B695-9D0DB1A7F34F}.Debug|Any CPU.ActiveCfg = Debug|Any CPU
		{968D7E3C-7417-435F-B695-9D0DB1A7F34F}.Debug|Any CPU.Build.0 = Debug|Any CPU
		{968D7E3C-7417-435F-B695-9D0DB1A7F34F}.Release|Any CPU.ActiveCfg = Release|Any CPU
		{968D7E3C-7417-435F-B695-9D0DB1A7F34F}.Release|Any CPU.Build.0 = Release|Any CPU
	EndGlobalSection
	GlobalSection(SolutionProperties) = preSolution
		HideSolutionNode = FALSE
	EndGlobalSection
	GlobalSection(ExtensibilityGlobals) = postSolution
		SolutionGuid = {6E34FD32-2EAE-4367-948A-C6FA11BBEB7C}
	EndGlobalSection
EndGlobal
