
Microsoft Visual Studio Solution File, Format Version 12.00
# Visual Studio 15
VisualStudioVersion = 15.0.27428.2011
MinimumVisualStudioVersion = 10.0.40219.1
Project("{FAE04EC0-301F-11D3-BF4B-00C04F79EFBC}") = "USBCommunicationTest", "USBCommunicationTest\USBCommunicationTest.csproj", "{78336A02-ABF4-4B8A-8DAF-B56C1D9C9560}"
EndProject
Global
	GlobalSection(SolutionConfigurationPlatforms) = preSolution
		Debug|ARM = Debug|ARM
		Debug|x64 = Debug|x64
		Debug|x86 = Debug|x86
		Release|ARM = Release|ARM
		Release|x64 = Release|x64
		Release|x86 = Release|x86
	EndGlobalSection
	GlobalSection(ProjectConfigurationPlatforms) = postSolution
		{78336A02-ABF4-4B8A-8DAF-B56C1D9C9560}.Debug|ARM.ActiveCfg = Debug|ARM
		{78336A02-ABF4-4B8A-8DAF-B56C1D9C9560}.Debug|ARM.Build.0 = Debug|ARM
		{78336A02-ABF4-4B8A-8DAF-B56C1D9C9560}.Debug|ARM.Deploy.0 = Debug|ARM
		{78336A02-ABF4-4B8A-8DAF-B56C1D9C9560}.Debug|x64.ActiveCfg = Debug|x64
		{78336A02-ABF4-4B8A-8DAF-B56C1D9C9560}.Debug|x64.Build.0 = Debug|x64
		{78336A02-ABF4-4B8A-8DAF-B56C1D9C9560}.Debug|x64.Deploy.0 = Debug|x64
		{78336A02-ABF4-4B8A-8DAF-B56C1D9C9560}.Debug|x86.ActiveCfg = Debug|x86
		{78336A02-ABF4-4B8A-8DAF-B56C1D9C9560}.Debug|x86.Build.0 = Debug|x86
		{78336A02-ABF4-4B8A-8DAF-B56C1D9C9560}.Debug|x86.Deploy.0 = Debug|x86
		{78336A02-ABF4-4B8A-8DAF-B56C1D9C9560}.Release|ARM.ActiveCfg = Release|ARM
		{78336A02-ABF4-4B8A-8DAF-B56C1D9C9560}.Release|ARM.Build.0 = Release|ARM
		{78336A02-ABF4-4B8A-8DAF-B56C1D9C9560}.Release|ARM.Deploy.0 = Release|ARM
		{78336A02-ABF4-4B8A-8DAF-B56C1D9C9560}.Release|x64.ActiveCfg = Release|x64
		{78336A02-ABF4-4B8A-8DAF-B56C1D9C9560}.Release|x64.Build.0 = Release|x64
		{78336A02-ABF4-4B8A-8DAF-B56C1D9C9560}.Release|x64.Deploy.0 = Release|x64
		{78336A02-ABF4-4B8A-8DAF-B56C1D9C9560}.Release|x86.ActiveCfg = Release|x86
		{78336A02-ABF4-4B8A-8DAF-B56C1D9C9560}.Release|x86.Build.0 = Release|x86
		{78336A02-ABF4-4B8A-8DAF-B56C1D9C9560}.Release|x86.Deploy.0 = Release|x86
	EndGlobalSection
	GlobalSection(SolutionProperties) = preSolution
		HideSolutionNode = FALSE
	EndGlobalSection
	GlobalSection(ExtensibilityGlobals) = postSolution
		SolutionGuid = {E195CF93-A2F4-4F63-AB2C-28DB13C4E581}
	EndGlobalSection
EndGlobal
